
Microsoft Visual Studio Solution File, Format Version 12.00
# Visual Studio Version 17
VisualStudioVersion = 17.10.35027.167
MinimumVisualStudioVersion = 10.0.40219.1
Project("{9A19103F-16F7-4668-BE54-9A1E7A4F7556}") = "Everglades.CLI", "Everglades.CLI\Everglades.CLI.csproj", "{BBD67351-597C-4F46-958A-7C9B06795008}"
EndProject
Project("{9A19103F-16F7-4668-BE54-9A1E7A4F7556}") = "Everglades.Library", "Everglades.Library\Everglades.Library.csproj", "{34C68852-4D78-4164-8105-BA39ADB11C32}"
EndProject
Project("{FAE04EC0-301F-11D3-BF4B-00C04F79EFBC}") = "Everglades.MAUI", "Everglades.MAUI\Everglades.MAUI.csproj", "{F3FE4E43-3325-4210-9193-90DB94468381}"
EndProject
Global
	GlobalSection(SolutionConfigurationPlatforms) = preSolution
		Debug|Any CPU = Debug|Any CPU
		Release|Any CPU = Release|Any CPU
	EndGlobalSection
	GlobalSection(ProjectConfigurationPlatforms) = postSolution
		{BBD67351-597C-4F46-958A-7C9B06795008}.Debug|Any CPU.ActiveCfg = Debug|Any CPU
		{BBD67351-597C-4F46-958A-7C9B06795008}.Debug|Any CPU.Build.0 = Debug|Any CPU
		{BBD67351-597C-4F46-958A-7C9B06795008}.Release|Any CPU.ActiveCfg = Release|Any CPU
		{BBD67351-597C-4F46-958A-7C9B06795008}.Release|Any CPU.Build.0 = Release|Any CPU
		{34C68852-4D78-4164-8105-BA39ADB11C32}.Debug|Any CPU.ActiveCfg = Debug|Any CPU
		{34C68852-4D78-4164-8105-BA39ADB11C32}.Debug|Any CPU.Build.0 = Debug|Any CPU
		{34C68852-4D78-4164-8105-BA39ADB11C32}.Release|Any CPU.ActiveCfg = Release|Any CPU
		{34C68852-4D78-4164-8105-BA39ADB11C32}.Release|Any CPU.Build.0 = Release|Any CPU
		{F3FE4E43-3325-4210-9193-90DB94468381}.Debug|Any CPU.ActiveCfg = Debug|Any CPU
		{F3FE4E43-3325-4210-9193-90DB94468381}.Debug|Any CPU.Build.0 = Debug|Any CPU
		{F3FE4E43-3325-4210-9193-90DB94468381}.Debug|Any CPU.Deploy.0 = Debug|Any CPU
		{F3FE4E43-3325-4210-9193-90DB94468381}.Release|Any CPU.ActiveCfg = Release|Any CPU
		{F3FE4E43-3325-4210-9193-90DB94468381}.Release|Any CPU.Build.0 = Release|Any CPU
		{F3FE4E43-3325-4210-9193-90DB94468381}.Release|Any CPU.Deploy.0 = Release|Any CPU
	EndGlobalSection
	GlobalSection(SolutionProperties) = preSolution
		HideSolutionNode = FALSE
	EndGlobalSection
	GlobalSection(ExtensibilityGlobals) = postSolution
		SolutionGuid = {E9FD5701-3898-4429-8026-EE3D153F3C06}
	EndGlobalSection
EndGlobal
