
Microsoft Visual Studio Solution File, Format Version 12.00
# Visual Studio Version 17
VisualStudioVersion = 17.10.35027.167
MinimumVisualStudioVersion = 10.0.40219.1
Project("{FAE04EC0-301F-11D3-BF4B-00C04F79EFBC}") = "Everglades.CLI", "Everglades.CLI\Everglades.CLI.csproj", "{BBD67351-597C-4F46-958A-7C9B06795008}"
EndProject
Global
	GlobalSection(SolutionConfigurationPlatforms) = preSolution
		Debug|Any CPU = Debug|Any CPU
		Release|Any CPU = Release|Any CPU
	EndGlobalSection
	GlobalSection(ProjectConfigurationPlatforms) = postSolution
		{BBD67351-597C-4F46-958A-7C9B06795008}.Debug|Any CPU.ActiveCfg = Debug|Any CPU
		{BBD67351-597C-4F46-958A-7C9B06795008}.Debug|Any CPU.Build.0 = Debug|Any CPU
		{BBD67351-597C-4F46-958A-7C9B06795008}.Release|Any CPU.ActiveCfg = Release|Any CPU
		{BBD67351-597C-4F46-958A-7C9B06795008}.Release|Any CPU.Build.0 = Release|Any CPU
	EndGlobalSection
	GlobalSection(SolutionProperties) = preSolution
		HideSolutionNode = FALSE
	EndGlobalSection
	GlobalSection(ExtensibilityGlobals) = postSolution
		SolutionGuid = {E9FD5701-3898-4429-8026-EE3D153F3C06}
	EndGlobalSection
EndGlobal
